<?xml version="1.0" encoding="utf-8"?>
<Project ToolsVersion="14.0" xmlns="http://schemas.microsoft.com/developer/msbuild/2003">
  <ItemGroup>
    <ClCompile Include="D:\DevelopmentEnvironment\Workspaces\VisualStudio2015Projects\Cpp\webdriverxx\test\alerts_test.cpp">
      <Filter>Source Files</Filter>
    </ClCompile>
    <ClCompile Include="D:\DevelopmentEnvironment\Workspaces\VisualStudio2015Projects\Cpp\webdriverxx\test\browsers_test.cpp">
      <Filter>Source Files</Filter>
    </ClCompile>
    <ClCompile Include="D:\DevelopmentEnvironment\Workspaces\VisualStudio2015Projects\Cpp\webdriverxx\test\capabilities_test.cpp">
      <Filter>Source Files</Filter>
    </ClCompile>
    <ClCompile Include="D:\DevelopmentEnvironment\Workspaces\VisualStudio2015Projects\Cpp\webdriverxx\test\conversions_test.cpp">
      <Filter>Source Files</Filter>
    </ClCompile>
    <ClCompile Include="D:\DevelopmentEnvironment\Workspaces\VisualStudio2015Projects\Cpp\webdriverxx\test\client_test.cpp">
      <Filter>Source Files</Filter>
    </ClCompile>
    <ClCompile Include="D:\DevelopmentEnvironment\Workspaces\VisualStudio2015Projects\Cpp\webdriverxx\test\element_test.cpp">
      <Filter>Source Files</Filter>
    </ClCompile>
    <ClCompile Include="D:\DevelopmentEnvironment\Workspaces\VisualStudio2015Projects\Cpp\webdriverxx\test\examples_test.cpp">
      <Filter>Source Files</Filter>
    </ClCompile>
    <ClCompile Include="D:\DevelopmentEnvironment\Workspaces\VisualStudio2015Projects\Cpp\webdriverxx\test\finder_test.cpp">
      <Filter>Source Files</Filter>
    </ClCompile>
    <ClCompile Include="D:\DevelopmentEnvironment\Workspaces\VisualStudio2015Projects\Cpp\webdriverxx\test\frames_test.cpp">
      <Filter>Source Files</Filter>
    </ClCompile>
    <ClCompile Include="D:\DevelopmentEnvironment\Workspaces\VisualStudio2015Projects\Cpp\webdriverxx\test\http_connection_test.cpp">
      <Filter>Source Files</Filter>
    </ClCompile>
    <ClCompile Include="D:\DevelopmentEnvironment\Workspaces\VisualStudio2015Projects\Cpp\webdriverxx\test\js_test.cpp">
      <Filter>Source Files</Filter>
    </ClCompile>
    <ClCompile Include="D:\DevelopmentEnvironment\Workspaces\VisualStudio2015Projects\Cpp\webdriverxx\test\keyboard_test.cpp">
      <Filter>Source Files</Filter>
    </ClCompile>
    <ClCompile Include="D:\DevelopmentEnvironment\Workspaces\VisualStudio2015Projects\Cpp\webdriverxx\test\main.cpp">
      <Filter>Source Files</Filter>
    </ClCompile>
    <ClCompile Include="D:\DevelopmentEnvironment\Workspaces\VisualStudio2015Projects\Cpp\webdriverxx\test\mouse_test.cpp">
      <Filter>Source Files</Filter>
    </ClCompile>
    <ClCompile Include="D:\DevelopmentEnvironment\Workspaces\VisualStudio2015Projects\Cpp\webdriverxx\test\resource_test.cpp">
      <Filter>Source Files</Filter>
    </ClCompile>
    <ClCompile Include="D:\DevelopmentEnvironment\Workspaces\VisualStudio2015Projects\Cpp\webdriverxx\test\session_test.cpp">
      <Filter>Source Files</Filter>
    </ClCompile>
    <ClCompile Include="D:\DevelopmentEnvironment\Workspaces\VisualStudio2015Projects\Cpp\webdriverxx\test\shared_test.cpp">
      <Filter>Source Files</Filter>
    </ClCompile>
    <ClCompile Include="D:\DevelopmentEnvironment\Workspaces\VisualStudio2015Projects\Cpp\webdriverxx\test\to_string_test.cpp">
      <Filter>Source Files</Filter>
    </ClCompile>
    <ClCompile Include="D:\DevelopmentEnvironment\Workspaces\VisualStudio2015Projects\Cpp\webdriverxx\test\wait_match_test.cpp">
      <Filter>Source Files</Filter>
    </ClCompile>
    <ClCompile Include="D:\DevelopmentEnvironment\Workspaces\VisualStudio2015Projects\Cpp\webdriverxx\test\wait_test.cpp">
      <Filter>Source Files</Filter>
    </ClCompile>
    <ClCompile Include="D:\DevelopmentEnvironment\Workspaces\VisualStudio2015Projects\Cpp\webdriverxx\test\webdriver_test.cpp">
      <Filter>Source Files</Filter>
    </ClCompile>
  </ItemGroup>
  <ItemGroup>
    <ClInclude Include="D:\DevelopmentEnvironment\Workspaces\VisualStudio2015Projects\Cpp\webdriverxx\test\environment.h">
      <Filter>Header Files</Filter>
    </ClInclude>
    <ClInclude Include="D:\DevelopmentEnvironment\Workspaces\VisualStudio2015Projects\Cpp\webdriverxx\include\webdriverxx.h">
      <Filter>Header Files</Filter>
    </ClInclude>
    <ClInclude Include="D:\DevelopmentEnvironment\Workspaces\VisualStudio2015Projects\Cpp\webdriverxx\include\webdriverxx\by.h">
      <Filter>Header Files</Filter>
    </ClInclude>
    <ClInclude Include="D:\DevelopmentEnvironment\Workspaces\VisualStudio2015Projects\Cpp\webdriverxx\include\webdriverxx\capabilities.h">
      <Filter>Header Files</Filter>
    </ClInclude>
    <ClInclude Include="D:\DevelopmentEnvironment\Workspaces\VisualStudio2015Projects\Cpp\webdriverxx\include\webdriverxx\client.h">
      <Filter>Header Files</Filter>
    </ClInclude>
    <ClInclude Include="D:\DevelopmentEnvironment\Workspaces\VisualStudio2015Projects\Cpp\webdriverxx\include\webdriverxx\client.inl">
      <Filter>Header Files</Filter>
    </ClInclude>
    <ClInclude Include="D:\DevelopmentEnvironment\Workspaces\VisualStudio2015Projects\Cpp\webdriverxx\include\webdriverxx\conversions.h">
      <Filter>Header Files</Filter>
    </ClInclude>
    <ClInclude Include="D:\DevelopmentEnvironment\Workspaces\VisualStudio2015Projects\Cpp\webdriverxx\include\webdriverxx\element.h">
      <Filter>Header Files</Filter>
    </ClInclude>
    <ClInclude Include="D:\DevelopmentEnvironment\Workspaces\VisualStudio2015Projects\Cpp\webdriverxx\include\webdriverxx\element.inl">
      <Filter>Header Files</Filter>
    </ClInclude>
    <ClInclude Include="D:\DevelopmentEnvironment\Workspaces\VisualStudio2015Projects\Cpp\webdriverxx\include\webdriverxx\errors.h">
      <Filter>Header Files</Filter>
    </ClInclude>
    <ClInclude Include="D:\DevelopmentEnvironment\Workspaces\VisualStudio2015Projects\Cpp\webdriverxx\include\webdriverxx\js_args.h">
      <Filter>Header Files</Filter>
    </ClInclude>
    <ClInclude Include="D:\DevelopmentEnvironment\Workspaces\VisualStudio2015Projects\Cpp\webdriverxx\include\webdriverxx\keys.h">
      <Filter>Header Files</Filter>
    </ClInclude>
    <ClInclude Include="D:\DevelopmentEnvironment\Workspaces\VisualStudio2015Projects\Cpp\webdriverxx\include\webdriverxx\response_status_code.h">
      <Filter>Header Files</Filter>
    </ClInclude>
    <ClInclude Include="D:\DevelopmentEnvironment\Workspaces\VisualStudio2015Projects\Cpp\webdriverxx\include\webdriverxx\session.h">
      <Filter>Header Files</Filter>
    </ClInclude>
    <ClInclude Include="D:\DevelopmentEnvironment\Workspaces\VisualStudio2015Projects\Cpp\webdriverxx\include\webdriverxx\session.inl">
      <Filter>Header Files</Filter>
    </ClInclude>
    <ClInclude Include="D:\DevelopmentEnvironment\Workspaces\VisualStudio2015Projects\Cpp\webdriverxx\include\webdriverxx\types.h">
      <Filter>Header Files</Filter>
    </ClInclude>
    <ClInclude Include="D:\DevelopmentEnvironment\Workspaces\VisualStudio2015Projects\Cpp\webdriverxx\include\webdriverxx\wait.h">
      <Filter>Header Files</Filter>
    </ClInclude>
    <ClInclude Include="D:\DevelopmentEnvironment\Workspaces\VisualStudio2015Projects\Cpp\webdriverxx\include\webdriverxx\wait_match.h">
      <Filter>Header Files</Filter>
    </ClInclude>
    <ClInclude Include="D:\DevelopmentEnvironment\Workspaces\VisualStudio2015Projects\Cpp\webdriverxx\include\webdriverxx\webdriver.h">
      <Filter>Header Files</Filter>
    </ClInclude>
    <ClInclude Include="D:\DevelopmentEnvironment\Workspaces\VisualStudio2015Projects\Cpp\webdriverxx\include\webdriverxx\window.h">
      <Filter>Header Files</Filter>
    </ClInclude>
    <ClInclude Include="D:\DevelopmentEnvironment\Workspaces\VisualStudio2015Projects\Cpp\webdriverxx\include\webdriverxx\picojson.h">
      <Filter>Header Files</Filter>
    </ClInclude>
    <ClInclude Include="D:\DevelopmentEnvironment\Workspaces\VisualStudio2015Projects\Cpp\webdriverxx\include\webdriverxx\browsers\chrome.h">
      <Filter>Header Files</Filter>
    </ClInclude>
    <ClInclude Include="D:\DevelopmentEnvironment\Workspaces\VisualStudio2015Projects\Cpp\webdriverxx\include\webdriverxx\browsers\firefox.h">
      <Filter>Header Files</Filter>
    </ClInclude>
    <ClInclude Include="D:\DevelopmentEnvironment\Workspaces\VisualStudio2015Projects\Cpp\webdriverxx\include\webdriverxx\browsers\ie.h">
      <Filter>Header Files</Filter>
    </ClInclude>
    <ClInclude Include="D:\DevelopmentEnvironment\Workspaces\VisualStudio2015Projects\Cpp\webdriverxx\include\webdriverxx\browsers\phantom.h">
      <Filter>Header Files</Filter>
    </ClInclude>
    <ClInclude Include="D:\DevelopmentEnvironment\Workspaces\VisualStudio2015Projects\Cpp\webdriverxx\include\webdriverxx\detail\error_handling.h">
      <Filter>Header Files</Filter>
    </ClInclude>
    <ClInclude Include="D:\DevelopmentEnvironment\Workspaces\VisualStudio2015Projects\Cpp\webdriverxx\include\webdriverxx\detail\factories.h">
      <Filter>Header Files</Filter>
    </ClInclude>
    <ClInclude Include="D:\DevelopmentEnvironment\Workspaces\VisualStudio2015Projects\Cpp\webdriverxx\include\webdriverxx\detail\factories_impl.h">
      <Filter>Header Files</Filter>
    </ClInclude>
    <ClInclude Include="D:\DevelopmentEnvironment\Workspaces\VisualStudio2015Projects\Cpp\webdriverxx\include\webdriverxx\detail\finder.h">
      <Filter>Header Files</Filter>
    </ClInclude>
    <ClInclude Include="D:\DevelopmentEnvironment\Workspaces\VisualStudio2015Projects\Cpp\webdriverxx\include\webdriverxx\detail\finder.inl">
      <Filter>Header Files</Filter>
    </ClInclude>
    <ClInclude Include="D:\DevelopmentEnvironment\Workspaces\VisualStudio2015Projects\Cpp\webdriverxx\include\webdriverxx\detail\http_client.h">
      <Filter>Header Files</Filter>
    </ClInclude>
    <ClInclude Include="D:\DevelopmentEnvironment\Workspaces\VisualStudio2015Projects\Cpp\webdriverxx\include\webdriverxx\detail\http_connection.h">
      <Filter>Header Files</Filter>
    </ClInclude>
    <ClInclude Include="D:\DevelopmentEnvironment\Workspaces\VisualStudio2015Projects\Cpp\webdriverxx\include\webdriverxx\detail\http_request.h">
      <Filter>Header Files</Filter>
    </ClInclude>
    <ClInclude Include="D:\DevelopmentEnvironment\Workspaces\VisualStudio2015Projects\Cpp\webdriverxx\include\webdriverxx\detail\keyboard.h">
      <Filter>Header Files</Filter>
    </ClInclude>
    <ClInclude Include="D:\DevelopmentEnvironment\Workspaces\VisualStudio2015Projects\Cpp\webdriverxx\include\webdriverxx\detail\meta_tools.h">
      <Filter>Header Files</Filter>
    </ClInclude>
    <ClInclude Include="D:\DevelopmentEnvironment\Workspaces\VisualStudio2015Projects\Cpp\webdriverxx\include\webdriverxx\detail\resource.h">
      <Filter>Header Files</Filter>
    </ClInclude>
    <ClInclude Include="D:\DevelopmentEnvironment\Workspaces\VisualStudio2015Projects\Cpp\webdriverxx\include\webdriverxx\detail\shared.h">
      <Filter>Header Files</Filter>
    </ClInclude>
    <ClInclude Include="D:\DevelopmentEnvironment\Workspaces\VisualStudio2015Projects\Cpp\webdriverxx\include\webdriverxx\detail\time.h">
      <Filter>Header Files</Filter>
    </ClInclude>
    <ClInclude Include="D:\DevelopmentEnvironment\Workspaces\VisualStudio2015Projects\Cpp\webdriverxx\include\webdriverxx\detail\to_string.h">
      <Filter>Header Files</Filter>
    </ClInclude>
    <ClInclude Include="D:\DevelopmentEnvironment\Workspaces\VisualStudio2015Projects\Cpp\webdriverxx\include\webdriverxx\detail\types.h">
      <Filter>Header Files</Filter>
    </ClInclude>
  </ItemGroup>
  <ItemGroup>
    <Filter Include="Header Files">
      <UniqueIdentifier>{78AF2A90-7770-3967-ADC7-70D46F1C56FF}</UniqueIdentifier>
    </Filter>
    <Filter Include="Source Files">
      <UniqueIdentifier>{B15AFA90-7DEE-352D-BCB7-CD05F9254838}</UniqueIdentifier>
    </Filter>
  </ItemGroup>
</Project>